
Microsoft Visual Studio Solution File, Format Version 12.00
# Visual Studio Version 16
VisualStudioVersion = 16.0.30011.22
MinimumVisualStudioVersion = 10.0.40219.1
Project("{FAE04EC0-301F-11D3-BF4B-00C04F79EFBC}") = "assign_cab301", "assign_cab301.csproj", "{821F91E8-84B8-44D3-A4F9-CB20949C1386}"
EndProject
Global
	GlobalSection(SolutionConfigurationPlatforms) = preSolution
		Debug|Any CPU = Debug|Any CPU
		Release|Any CPU = Release|Any CPU
	EndGlobalSection
	GlobalSection(ProjectConfigurationPlatforms) = postSolution
		{821F91E8-84B8-44D3-A4F9-CB20949C1386}.Debug|Any CPU.ActiveCfg = Debug|Any CPU
		{821F91E8-84B8-44D3-A4F9-CB20949C1386}.Debug|Any CPU.Build.0 = Debug|Any CPU
		{821F91E8-84B8-44D3-A4F9-CB20949C1386}.Release|Any CPU.ActiveCfg = Release|Any CPU
		{821F91E8-84B8-44D3-A4F9-CB20949C1386}.Release|Any CPU.Build.0 = Release|Any CPU
	EndGlobalSection
	GlobalSection(SolutionProperties) = preSolution
		HideSolutionNode = FALSE
	EndGlobalSection
	GlobalSection(ExtensibilityGlobals) = postSolution
		SolutionGuid = {BE3257BE-BD09-478E-A97D-8BF7017156E1}
	EndGlobalSection
EndGlobal
